// !$*UTF8*$!
{
	archiveVersion = 1;
	classes = {
	};
	objectVersion = 56;
	objects = {

/* Begin PBXBuildFile section */
		60A9494B2A77CED0001D17A9 /* SwiftFluent.docc in Sources */ = {isa = PBXBuildFile; fileRef = 60A9494A2A77CED0001D17A9 /* SwiftFluent.docc */; };
		60A949512A77CED0001D17A9 /* SwiftFluent.framework in Frameworks */ = {isa = PBXBuildFile; fileRef = 60A949462A77CED0001D17A9 /* SwiftFluent.framework */; };
		60A949562A77CED0001D17A9 /* SwiftFluentTests.swift in Sources */ = {isa = PBXBuildFile; fileRef = 60A949552A77CED0001D17A9 /* SwiftFluentTests.swift */; };
		60A949572A77CED0001D17A9 /* SwiftFluent.h in Headers */ = {isa = PBXBuildFile; fileRef = 60A949492A77CED0001D17A9 /* SwiftFluent.h */; settings = {ATTRIBUTES = (Public, ); }; };
		60A949622A77CF27001D17A9 /* Validator.swift in Sources */ = {isa = PBXBuildFile; fileRef = 60A949612A77CF27001D17A9 /* Validator.swift */; };
		60DB78052A78196A005D539A /* Validator+OptionalType.swift in Sources */ = {isa = PBXBuildFile; fileRef = 60DB78042A78196A005D539A /* Validator+OptionalType.swift */; };
		60DB78072A781D80005D539A /* Validator+Equatable.swift in Sources */ = {isa = PBXBuildFile; fileRef = 60DB78062A781D80005D539A /* Validator+Equatable.swift */; };
		60DB78092A78303B005D539A /* Validator+String.swift in Sources */ = {isa = PBXBuildFile; fileRef = 60DB78082A78303A005D539A /* Validator+String.swift */; };
		60DB780B2A7843A6005D539A /* Validator+Comparable.swift in Sources */ = {isa = PBXBuildFile; fileRef = 60DB780A2A7843A6005D539A /* Validator+Comparable.swift */; };
		60DB780D2A786133005D539A /* CreditCardValidator.swift in Sources */ = {isa = PBXBuildFile; fileRef = 60DB780C2A786133005D539A /* CreditCardValidator.swift */; };
		60DB78402A791A89005D539A /* ObjectMappingTests.swift in Sources */ = {isa = PBXBuildFile; fileRef = 60DB783F2A791A89005D539A /* ObjectMappingTests.swift */; };
		60DB78432A7944E0005D539A /* RuleForBuilder.swift in Sources */ = {isa = PBXBuildFile; fileRef = 60DB78422A7944E0005D539A /* RuleForBuilder.swift */; };
		60DB78462A794717005D539A /* RuleForBuilder+String.swift in Sources */ = {isa = PBXBuildFile; fileRef = 60DB78452A794717005D539A /* RuleForBuilder+String.swift */; };
		60DB78482A79A1A4005D539A /* RuleForBuilder+Comparable.swift in Sources */ = {isa = PBXBuildFile; fileRef = 60DB78472A79A1A4005D539A /* RuleForBuilder+Comparable.swift */; };
/* End PBXBuildFile section */

/* Begin PBXContainerItemProxy section */
		60A949522A77CED0001D17A9 /* PBXContainerItemProxy */ = {
			isa = PBXContainerItemProxy;
			containerPortal = 60A9493D2A77CED0001D17A9 /* Project object */;
			proxyType = 1;
			remoteGlobalIDString = 60A949452A77CED0001D17A9;
			remoteInfo = SwiftFluent;
		};
/* End PBXContainerItemProxy section */

/* Begin PBXFileReference section */
		60A949462A77CED0001D17A9 /* SwiftFluent.framework */ = {isa = PBXFileReference; explicitFileType = wrapper.framework; includeInIndex = 0; path = SwiftFluent.framework; sourceTree = BUILT_PRODUCTS_DIR; };
		60A949492A77CED0001D17A9 /* SwiftFluent.h */ = {isa = PBXFileReference; lastKnownFileType = sourcecode.c.h; path = SwiftFluent.h; sourceTree = "<group>"; };
		60A9494A2A77CED0001D17A9 /* SwiftFluent.docc */ = {isa = PBXFileReference; lastKnownFileType = folder.documentationcatalog; path = SwiftFluent.docc; sourceTree = "<group>"; };
		60A949502A77CED0001D17A9 /* SwiftFluentTests.xctest */ = {isa = PBXFileReference; explicitFileType = wrapper.cfbundle; includeInIndex = 0; path = SwiftFluentTests.xctest; sourceTree = BUILT_PRODUCTS_DIR; };
		60A949552A77CED0001D17A9 /* SwiftFluentTests.swift */ = {isa = PBXFileReference; lastKnownFileType = sourcecode.swift; path = SwiftFluentTests.swift; sourceTree = "<group>"; };
		60A949612A77CF27001D17A9 /* Validator.swift */ = {isa = PBXFileReference; lastKnownFileType = sourcecode.swift; path = Validator.swift; sourceTree = "<group>"; };
		60DB78042A78196A005D539A /* Validator+OptionalType.swift */ = {isa = PBXFileReference; lastKnownFileType = sourcecode.swift; path = "Validator+OptionalType.swift"; sourceTree = "<group>"; };
		60DB78062A781D80005D539A /* Validator+Equatable.swift */ = {isa = PBXFileReference; lastKnownFileType = sourcecode.swift; path = "Validator+Equatable.swift"; sourceTree = "<group>"; };
		60DB78082A78303A005D539A /* Validator+String.swift */ = {isa = PBXFileReference; lastKnownFileType = sourcecode.swift; path = "Validator+String.swift"; sourceTree = "<group>"; };
		60DB780A2A7843A6005D539A /* Validator+Comparable.swift */ = {isa = PBXFileReference; lastKnownFileType = sourcecode.swift; path = "Validator+Comparable.swift"; sourceTree = "<group>"; };
		60DB780C2A786133005D539A /* CreditCardValidator.swift */ = {isa = PBXFileReference; lastKnownFileType = sourcecode.swift; path = CreditCardValidator.swift; sourceTree = "<group>"; };
		60DB783F2A791A89005D539A /* ObjectMappingTests.swift */ = {isa = PBXFileReference; lastKnownFileType = sourcecode.swift; path = ObjectMappingTests.swift; sourceTree = "<group>"; };
		60DB78422A7944E0005D539A /* RuleForBuilder.swift */ = {isa = PBXFileReference; lastKnownFileType = sourcecode.swift; path = RuleForBuilder.swift; sourceTree = "<group>"; };
		60DB78452A794717005D539A /* RuleForBuilder+String.swift */ = {isa = PBXFileReference; lastKnownFileType = sourcecode.swift; path = "RuleForBuilder+String.swift"; sourceTree = "<group>"; };
		60DB78472A79A1A4005D539A /* RuleForBuilder+Comparable.swift */ = {isa = PBXFileReference; lastKnownFileType = sourcecode.swift; path = "RuleForBuilder+Comparable.swift"; sourceTree = "<group>"; };
/* End PBXFileReference section */

/* Begin PBXFrameworksBuildPhase section */
		60A949432A77CED0001D17A9 /* Frameworks */ = {
			isa = PBXFrameworksBuildPhase;
			buildActionMask = 2147483647;
			files = (
			);
			runOnlyForDeploymentPostprocessing = 0;
		};
		60A9494D2A77CED0001D17A9 /* Frameworks */ = {
			isa = PBXFrameworksBuildPhase;
			buildActionMask = 2147483647;
			files = (
				60A949512A77CED0001D17A9 /* SwiftFluent.framework in Frameworks */,
			);
			runOnlyForDeploymentPostprocessing = 0;
		};
/* End PBXFrameworksBuildPhase section */

/* Begin PBXGroup section */
		60A9493C2A77CED0001D17A9 = {
			isa = PBXGroup;
			children = (
				60A949482A77CED0001D17A9 /* SwiftFluent */,
				60A949542A77CED0001D17A9 /* SwiftFluentTests */,
				60A949472A77CED0001D17A9 /* Products */,
			);
			sourceTree = "<group>";
		};
		60A949472A77CED0001D17A9 /* Products */ = {
			isa = PBXGroup;
			children = (
				60A949462A77CED0001D17A9 /* SwiftFluent.framework */,
				60A949502A77CED0001D17A9 /* SwiftFluentTests.xctest */,
			);
			name = Products;
			sourceTree = "<group>";
		};
		60A949482A77CED0001D17A9 /* SwiftFluent */ = {
			isa = PBXGroup;
			children = (
				60A949602A77CF0B001D17A9 /* Validator */,
				60A949492A77CED0001D17A9 /* SwiftFluent.h */,
				60A9494A2A77CED0001D17A9 /* SwiftFluent.docc */,
			);
			path = SwiftFluent;
			sourceTree = "<group>";
		};
		60A949542A77CED0001D17A9 /* SwiftFluentTests */ = {
			isa = PBXGroup;
			children = (
				60A949552A77CED0001D17A9 /* SwiftFluentTests.swift */,
				60DB783F2A791A89005D539A /* ObjectMappingTests.swift */,
			);
			path = SwiftFluentTests;
			sourceTree = "<group>";
		};
		60A949602A77CF0B001D17A9 /* Validator */ = {
			isa = PBXGroup;
			children = (
				60A949612A77CF27001D17A9 /* Validator.swift */,
				60DB78062A781D80005D539A /* Validator+Equatable.swift */,
				60DB78042A78196A005D539A /* Validator+OptionalType.swift */,
				60DB78082A78303A005D539A /* Validator+String.swift */,
				60DB780A2A7843A6005D539A /* Validator+Comparable.swift */,
				60DB780C2A786133005D539A /* CreditCardValidator.swift */,
				60DB78442A794701005D539A /* RuleForBuilder */,
			);
			path = Validator;
			sourceTree = "<group>";
		};
		60DB78442A794701005D539A /* RuleForBuilder */ = {
			isa = PBXGroup;
			children = (
				60DB78422A7944E0005D539A /* RuleForBuilder.swift */,
				60DB78472A79A1A4005D539A /* RuleForBuilder+Comparable.swift */,
				60DB78452A794717005D539A /* RuleForBuilder+String.swift */,
			);
			path = RuleForBuilder;
			sourceTree = "<group>";
		};
/* End PBXGroup section */

/* Begin PBXHeadersBuildPhase section */
		60A949412A77CED0001D17A9 /* Headers */ = {
			isa = PBXHeadersBuildPhase;
			buildActionMask = 2147483647;
			files = (
				60A949572A77CED0001D17A9 /* SwiftFluent.h in Headers */,
			);
			runOnlyForDeploymentPostprocessing = 0;
		};
/* End PBXHeadersBuildPhase section */

/* Begin PBXNativeTarget section */
		60A949452A77CED0001D17A9 /* SwiftFluent */ = {
			isa = PBXNativeTarget;
			buildConfigurationList = 60A9495A2A77CED0001D17A9 /* Build configuration list for PBXNativeTarget "SwiftFluent" */;
			buildPhases = (
				60A949412A77CED0001D17A9 /* Headers */,
				60A949422A77CED0001D17A9 /* Sources */,
				60A949432A77CED0001D17A9 /* Frameworks */,
				60A949442A77CED0001D17A9 /* Resources */,
			);
			buildRules = (
			);
			dependencies = (
			);
			name = SwiftFluent;
			productName = SwiftFluent;
			productReference = 60A949462A77CED0001D17A9 /* SwiftFluent.framework */;
			productType = "com.apple.product-type.framework";
		};
		60A9494F2A77CED0001D17A9 /* SwiftFluentTests */ = {
			isa = PBXNativeTarget;
			buildConfigurationList = 60A9495D2A77CED0001D17A9 /* Build configuration list for PBXNativeTarget "SwiftFluentTests" */;
			buildPhases = (
				60A9494C2A77CED0001D17A9 /* Sources */,
				60A9494D2A77CED0001D17A9 /* Frameworks */,
				60A9494E2A77CED0001D17A9 /* Resources */,
			);
			buildRules = (
			);
			dependencies = (
				60A949532A77CED0001D17A9 /* PBXTargetDependency */,
			);
			name = SwiftFluentTests;
			productName = SwiftFluentTests;
			productReference = 60A949502A77CED0001D17A9 /* SwiftFluentTests.xctest */;
			productType = "com.apple.product-type.bundle.unit-test";
		};
/* End PBXNativeTarget section */

/* Begin PBXProject section */
		60A9493D2A77CED0001D17A9 /* Project object */ = {
			isa = PBXProject;
			attributes = {
				BuildIndependentTargetsInParallel = 1;
				LastSwiftUpdateCheck = 1500;
				LastUpgradeCheck = 1500;
				TargetAttributes = {
					60A949452A77CED0001D17A9 = {
						CreatedOnToolsVersion = 15.0;
					};
					60A9494F2A77CED0001D17A9 = {
						CreatedOnToolsVersion = 15.0;
					};
				};
			};
			buildConfigurationList = 60A949402A77CED0001D17A9 /* Build configuration list for PBXProject "SwiftFluent" */;
			compatibilityVersion = "Xcode 14.0";
			developmentRegion = en;
			hasScannedForEncodings = 0;
			knownRegions = (
				en,
				Base,
			);
			mainGroup = 60A9493C2A77CED0001D17A9;
			productRefGroup = 60A949472A77CED0001D17A9 /* Products */;
			projectDirPath = "";
			projectRoot = "";
			targets = (
				60A949452A77CED0001D17A9 /* SwiftFluent */,
				60A9494F2A77CED0001D17A9 /* SwiftFluentTests */,
			);
		};
/* End PBXProject section */

/* Begin PBXResourcesBuildPhase section */
		60A949442A77CED0001D17A9 /* Resources */ = {
			isa = PBXResourcesBuildPhase;
			buildActionMask = 2147483647;
			files = (
			);
			runOnlyForDeploymentPostprocessing = 0;
		};
		60A9494E2A77CED0001D17A9 /* Resources */ = {
			isa = PBXResourcesBuildPhase;
			buildActionMask = 2147483647;
			files = (
			);
			runOnlyForDeploymentPostprocessing = 0;
		};
/* End PBXResourcesBuildPhase section */

/* Begin PBXSourcesBuildPhase section */
		60A949422A77CED0001D17A9 /* Sources */ = {
			isa = PBXSourcesBuildPhase;
			buildActionMask = 2147483647;
			files = (
				60DB78092A78303B005D539A /* Validator+String.swift in Sources */,
				60A949622A77CF27001D17A9 /* Validator.swift in Sources */,
				60DB78462A794717005D539A /* RuleForBuilder+String.swift in Sources */,
				60DB78482A79A1A4005D539A /* RuleForBuilder+Comparable.swift in Sources */,
				60DB78072A781D80005D539A /* Validator+Equatable.swift in Sources */,
				60DB780D2A786133005D539A /* CreditCardValidator.swift in Sources */,
				60DB78052A78196A005D539A /* Validator+OptionalType.swift in Sources */,
				60DB78432A7944E0005D539A /* RuleForBuilder.swift in Sources */,
				60DB780B2A7843A6005D539A /* Validator+Comparable.swift in Sources */,
				60A9494B2A77CED0001D17A9 /* SwiftFluent.docc in Sources */,
			);
			runOnlyForDeploymentPostprocessing = 0;
		};
		60A9494C2A77CED0001D17A9 /* Sources */ = {
			isa = PBXSourcesBuildPhase;
			buildActionMask = 2147483647;
			files = (
				60A949562A77CED0001D17A9 /* SwiftFluentTests.swift in Sources */,
				60DB78402A791A89005D539A /* ObjectMappingTests.swift in Sources */,
			);
			runOnlyForDeploymentPostprocessing = 0;
		};
/* End PBXSourcesBuildPhase section */

/* Begin PBXTargetDependency section */
		60A949532A77CED0001D17A9 /* PBXTargetDependency */ = {
			isa = PBXTargetDependency;
			target = 60A949452A77CED0001D17A9 /* SwiftFluent */;
			targetProxy = 60A949522A77CED0001D17A9 /* PBXContainerItemProxy */;
		};
/* End PBXTargetDependency section */

/* Begin XCBuildConfiguration section */
		60A949582A77CED0001D17A9 /* Debug */ = {
			isa = XCBuildConfiguration;
			buildSettings = {
				ALWAYS_SEARCH_USER_PATHS = NO;
				ASSETCATALOG_COMPILER_GENERATE_SWIFT_ASSET_SYMBOL_EXTENSIONS = YES;
				CLANG_ANALYZER_NONNULL = YES;
				CLANG_ANALYZER_NUMBER_OBJECT_CONVERSION = YES_AGGRESSIVE;
				CLANG_CXX_LANGUAGE_STANDARD = "gnu++20";
				CLANG_ENABLE_MODULES = YES;
				CLANG_ENABLE_OBJC_ARC = YES;
				CLANG_ENABLE_OBJC_WEAK = YES;
				CLANG_WARN_BLOCK_CAPTURE_AUTORELEASING = YES;
				CLANG_WARN_BOOL_CONVERSION = YES;
				CLANG_WARN_COMMA = YES;
				CLANG_WARN_CONSTANT_CONVERSION = YES;
				CLANG_WARN_DEPRECATED_OBJC_IMPLEMENTATIONS = YES;
				CLANG_WARN_DIRECT_OBJC_ISA_USAGE = YES_ERROR;
				CLANG_WARN_DOCUMENTATION_COMMENTS = YES;
				CLANG_WARN_EMPTY_BODY = YES;
				CLANG_WARN_ENUM_CONVERSION = YES;
				CLANG_WARN_INFINITE_RECURSION = YES;
				CLANG_WARN_INT_CONVERSION = YES;
				CLANG_WARN_NON_LITERAL_NULL_CONVERSION = YES;
				CLANG_WARN_OBJC_IMPLICIT_RETAIN_SELF = YES;
				CLANG_WARN_OBJC_LITERAL_CONVERSION = YES;
				CLANG_WARN_OBJC_ROOT_CLASS = YES_ERROR;
				CLANG_WARN_QUOTED_INCLUDE_IN_FRAMEWORK_HEADER = YES;
				CLANG_WARN_RANGE_LOOP_ANALYSIS = YES;
				CLANG_WARN_STRICT_PROTOTYPES = YES;
				CLANG_WARN_SUSPICIOUS_MOVE = YES;
				CLANG_WARN_UNGUARDED_AVAILABILITY = YES_AGGRESSIVE;
				CLANG_WARN_UNREACHABLE_CODE = YES;
				CLANG_WARN__DUPLICATE_METHOD_MATCH = YES;
				COPY_PHASE_STRIP = NO;
				CURRENT_PROJECT_VERSION = 1;
				DEBUG_INFORMATION_FORMAT = dwarf;
				ENABLE_STRICT_OBJC_MSGSEND = YES;
				ENABLE_TESTABILITY = YES;
				ENABLE_USER_SCRIPT_SANDBOXING = YES;
				GCC_C_LANGUAGE_STANDARD = gnu17;
				GCC_DYNAMIC_NO_PIC = NO;
				GCC_NO_COMMON_BLOCKS = YES;
				GCC_OPTIMIZATION_LEVEL = 0;
				GCC_PREPROCESSOR_DEFINITIONS = (
					"DEBUG=1",
					"$(inherited)",
				);
				GCC_WARN_64_TO_32_BIT_CONVERSION = YES;
				GCC_WARN_ABOUT_RETURN_TYPE = YES_ERROR;
				GCC_WARN_UNDECLARED_SELECTOR = YES;
				GCC_WARN_UNINITIALIZED_AUTOS = YES_AGGRESSIVE;
				GCC_WARN_UNUSED_FUNCTION = YES;
				GCC_WARN_UNUSED_VARIABLE = YES;
				IPHONEOS_DEPLOYMENT_TARGET = 15.0;
				LOCALIZATION_PREFERS_STRING_CATALOGS = YES;
				MTL_ENABLE_DEBUG_INFO = INCLUDE_SOURCE;
				MTL_FAST_MATH = YES;
				ONLY_ACTIVE_ARCH = YES;
				SDKROOT = iphoneos;
				SUPPORTED_PLATFORMS = "iphonesimulator iphoneos macos";
				SWIFT_ACTIVE_COMPILATION_CONDITIONS = "DEBUG $(inherited)";
				SWIFT_OPTIMIZATION_LEVEL = "-Onone";
				VERSIONING_SYSTEM = "apple-generic";
				VERSION_INFO_PREFIX = "";
			};
			name = Debug;
		};
		60A949592A77CED0001D17A9 /* Release */ = {
			isa = XCBuildConfiguration;
			buildSettings = {
				ALWAYS_SEARCH_USER_PATHS = NO;
				ASSETCATALOG_COMPILER_GENERATE_SWIFT_ASSET_SYMBOL_EXTENSIONS = YES;
				CLANG_ANALYZER_NONNULL = YES;
				CLANG_ANALYZER_NUMBER_OBJECT_CONVERSION = YES_AGGRESSIVE;
				CLANG_CXX_LANGUAGE_STANDARD = "gnu++20";
				CLANG_ENABLE_MODULES = YES;
				CLANG_ENABLE_OBJC_ARC = YES;
				CLANG_ENABLE_OBJC_WEAK = YES;
				CLANG_WARN_BLOCK_CAPTURE_AUTORELEASING = YES;
				CLANG_WARN_BOOL_CONVERSION = YES;
				CLANG_WARN_COMMA = YES;
				CLANG_WARN_CONSTANT_CONVERSION = YES;
				CLANG_WARN_DEPRECATED_OBJC_IMPLEMENTATIONS = YES;
				CLANG_WARN_DIRECT_OBJC_ISA_USAGE = YES_ERROR;
				CLANG_WARN_DOCUMENTATION_COMMENTS = YES;
				CLANG_WARN_EMPTY_BODY = YES;
				CLANG_WARN_ENUM_CONVERSION = YES;
				CLANG_WARN_INFINITE_RECURSION = YES;
				CLANG_WARN_INT_CONVERSION = YES;
				CLANG_WARN_NON_LITERAL_NULL_CONVERSION = YES;
				CLANG_WARN_OBJC_IMPLICIT_RETAIN_SELF = YES;
				CLANG_WARN_OBJC_LITERAL_CONVERSION = YES;
				CLANG_WARN_OBJC_ROOT_CLASS = YES_ERROR;
				CLANG_WARN_QUOTED_INCLUDE_IN_FRAMEWORK_HEADER = YES;
				CLANG_WARN_RANGE_LOOP_ANALYSIS = YES;
				CLANG_WARN_STRICT_PROTOTYPES = YES;
				CLANG_WARN_SUSPICIOUS_MOVE = YES;
				CLANG_WARN_UNGUARDED_AVAILABILITY = YES_AGGRESSIVE;
				CLANG_WARN_UNREACHABLE_CODE = YES;
				CLANG_WARN__DUPLICATE_METHOD_MATCH = YES;
				COPY_PHASE_STRIP = NO;
				CURRENT_PROJECT_VERSION = 1;
				DEBUG_INFORMATION_FORMAT = "dwarf-with-dsym";
				ENABLE_NS_ASSERTIONS = NO;
				ENABLE_STRICT_OBJC_MSGSEND = YES;
				ENABLE_USER_SCRIPT_SANDBOXING = YES;
				GCC_C_LANGUAGE_STANDARD = gnu17;
				GCC_NO_COMMON_BLOCKS = YES;
				GCC_WARN_64_TO_32_BIT_CONVERSION = YES;
				GCC_WARN_ABOUT_RETURN_TYPE = YES_ERROR;
				GCC_WARN_UNDECLARED_SELECTOR = YES;
				GCC_WARN_UNINITIALIZED_AUTOS = YES_AGGRESSIVE;
				GCC_WARN_UNUSED_FUNCTION = YES;
				GCC_WARN_UNUSED_VARIABLE = YES;
				IPHONEOS_DEPLOYMENT_TARGET = 15.0;
				LOCALIZATION_PREFERS_STRING_CATALOGS = YES;
				MTL_ENABLE_DEBUG_INFO = NO;
				MTL_FAST_MATH = YES;
				SDKROOT = iphoneos;
				SUPPORTED_PLATFORMS = "iphonesimulator iphoneos macos";
				SWIFT_COMPILATION_MODE = wholemodule;
				VALIDATE_PRODUCT = YES;
				VERSIONING_SYSTEM = "apple-generic";
				VERSION_INFO_PREFIX = "";
			};
			name = Release;
		};
		60A9495B2A77CED0001D17A9 /* Debug */ = {
			isa = XCBuildConfiguration;
			buildSettings = {
				CODE_SIGN_STYLE = Automatic;
				CURRENT_PROJECT_VERSION = 1;
				DEFINES_MODULE = YES;
				DEVELOPMENT_TEAM = J22BS6HA8N;
				DYLIB_COMPATIBILITY_VERSION = 1;
				DYLIB_CURRENT_VERSION = 1;
				DYLIB_INSTALL_NAME_BASE = "@rpath";
				ENABLE_MODULE_VERIFIER = YES;
				GENERATE_INFOPLIST_FILE = YES;
				INFOPLIST_KEY_NSHumanReadableCopyright = "";
				INSTALL_PATH = "$(LOCAL_LIBRARY_DIR)/Frameworks";
				IPHONEOS_DEPLOYMENT_TARGET = 15.0;
				LD_RUNPATH_SEARCH_PATHS = (
					"$(inherited)",
					"@executable_path/Frameworks",
					"@loader_path/Frameworks",
				);
				MACOSX_DEPLOYMENT_TARGET = 13.0;
				MARKETING_VERSION = 1.0;
				MODULE_VERIFIER_SUPPORTED_LANGUAGES = "objective-c objective-c++";
				MODULE_VERIFIER_SUPPORTED_LANGUAGE_STANDARDS = "gnu17 gnu++20";
				PRODUCT_BUNDLE_IDENTIFIER = Mobiquity.SwiftFluent;
				PRODUCT_NAME = "$(TARGET_NAME:c99extidentifier)";
				SKIP_INSTALL = YES;
				SUPPORTED_PLATFORMS = "iphonesimulator iphoneos macos";
				SWIFT_EMIT_LOC_STRINGS = YES;
				SWIFT_VERSION = 5.0;
				TARGETED_DEVICE_FAMILY = "1,2";
			};
			name = Debug;
		};
		60A9495C2A77CED0001D17A9 /* Release */ = {
			isa = XCBuildConfiguration;
			buildSettings = {
				CODE_SIGN_STYLE = Automatic;
				CURRENT_PROJECT_VERSION = 1;
				DEFINES_MODULE = YES;
				DEVELOPMENT_TEAM = J22BS6HA8N;
				DYLIB_COMPATIBILITY_VERSION = 1;
				DYLIB_CURRENT_VERSION = 1;
				DYLIB_INSTALL_NAME_BASE = "@rpath";
				ENABLE_MODULE_VERIFIER = YES;
				GENERATE_INFOPLIST_FILE = YES;
				INFOPLIST_KEY_NSHumanReadableCopyright = "";
				INSTALL_PATH = "$(LOCAL_LIBRARY_DIR)/Frameworks";
				IPHONEOS_DEPLOYMENT_TARGET = 15.0;
				LD_RUNPATH_SEARCH_PATHS = (
					"$(inherited)",
					"@executable_path/Frameworks",
					"@loader_path/Frameworks",
				);
				MACOSX_DEPLOYMENT_TARGET = 13.0;
				MARKETING_VERSION = 1.0;
				MODULE_VERIFIER_SUPPORTED_LANGUAGES = "objective-c objective-c++";
				MODULE_VERIFIER_SUPPORTED_LANGUAGE_STANDARDS = "gnu17 gnu++20";
				PRODUCT_BUNDLE_IDENTIFIER = Mobiquity.SwiftFluent;
				PRODUCT_NAME = "$(TARGET_NAME:c99extidentifier)";
				SKIP_INSTALL = YES;
				SUPPORTED_PLATFORMS = "iphonesimulator iphoneos macos";
				SWIFT_EMIT_LOC_STRINGS = YES;
				SWIFT_VERSION = 5.0;
				TARGETED_DEVICE_FAMILY = "1,2";
			};
			name = Release;
		};
		60A9495E2A77CED0001D17A9 /* Debug */ = {
			isa = XCBuildConfiguration;
			buildSettings = {
				ALWAYS_EMBED_SWIFT_STANDARD_LIBRARIES = YES;
				CODE_SIGN_STYLE = Automatic;
				CURRENT_PROJECT_VERSION = 1;
				DEVELOPMENT_TEAM = J22BS6HA8N;
				GENERATE_INFOPLIST_FILE = YES;
				MACOSX_DEPLOYMENT_TARGET = 13.0;
				MARKETING_VERSION = 1.0;
				PRODUCT_BUNDLE_IDENTIFIER = Mobiquity.SwiftFluentTests;
				PRODUCT_NAME = "$(TARGET_NAME)";
				SWIFT_EMIT_LOC_STRINGS = NO;
				SWIFT_VERSION = 5.0;
				TARGETED_DEVICE_FAMILY = "1,2";
			};
			name = Debug;
		};
		60A9495F2A77CED0001D17A9 /* Release */ = {
			isa = XCBuildConfiguration;
			buildSettings = {
				ALWAYS_EMBED_SWIFT_STANDARD_LIBRARIES = YES;
				CODE_SIGN_STYLE = Automatic;
				CURRENT_PROJECT_VERSION = 1;
				DEVELOPMENT_TEAM = J22BS6HA8N;
				GENERATE_INFOPLIST_FILE = YES;
				MACOSX_DEPLOYMENT_TARGET = 13.0;
				MARKETING_VERSION = 1.0;
				PRODUCT_BUNDLE_IDENTIFIER = Mobiquity.SwiftFluentTests;
				PRODUCT_NAME = "$(TARGET_NAME)";
				SWIFT_EMIT_LOC_STRINGS = NO;
				SWIFT_VERSION = 5.0;
				TARGETED_DEVICE_FAMILY = "1,2";
			};
			name = Release;
		};
/* End XCBuildConfiguration section */

/* Begin XCConfigurationList section */
		60A949402A77CED0001D17A9 /* Build configuration list for PBXProject "SwiftFluent" */ = {
			isa = XCConfigurationList;
			buildConfigurations = (
				60A949582A77CED0001D17A9 /* Debug */,
				60A949592A77CED0001D17A9 /* Release */,
			);
			defaultConfigurationIsVisible = 0;
			defaultConfigurationName = Release;
		};
		60A9495A2A77CED0001D17A9 /* Build configuration list for PBXNativeTarget "SwiftFluent" */ = {
			isa = XCConfigurationList;
			buildConfigurations = (
				60A9495B2A77CED0001D17A9 /* Debug */,
				60A9495C2A77CED0001D17A9 /* Release */,
			);
			defaultConfigurationIsVisible = 0;
			defaultConfigurationName = Release;
		};
		60A9495D2A77CED0001D17A9 /* Build configuration list for PBXNativeTarget "SwiftFluentTests" */ = {
			isa = XCConfigurationList;
			buildConfigurations = (
				60A9495E2A77CED0001D17A9 /* Debug */,
				60A9495F2A77CED0001D17A9 /* Release */,
			);
			defaultConfigurationIsVisible = 0;
			defaultConfigurationName = Release;
		};
/* End XCConfigurationList section */
	};
	rootObject = 60A9493D2A77CED0001D17A9 /* Project object */;
}
